version = 1
revision = 3
requires-python = ">=3.13"

[[package]]
name = "allure-python-commons"
version = "2.15.3"
source = { registry = "https://pypi.org/simple" }
dependencies = [
    { name = "attrs" },
    { name = "pluggy" },
]
sdist = { url = "https://files.pythonhosted.org/packages/42/93/609cf76e204567cb618b59208f34468bbd434f34fcdce3d193d8f927abcd/allure_python_commons-2.15.3.tar.gz", hash = "sha256:b42a96d6076fb323c9e43645dfb84c0574f6bad0a0e005d92564015cd172d564", size = 15208, upload-time = "2025-12-30T05:21:46.702Z" }
wheels = [
    { url = "https://files.pythonhosted.org/packages/43/2e/a823ab87aa8ed064d7efc817d79eb5f013465514f8d74487f1519849049f/allure_python_commons-2.15.3-py3-none-any.whl", hash = "sha256:50e9b346d8a060c84af8d19f221bd9da6e1aa0002a4e7f770e151167365219d0", size = 16212, upload-time = "2025-12-30T05:21:45.861Z" },
]

[[package]]
name = "allure-robotframework"
version = "2.15.3"
source = { registry = "https://pypi.org/simple" }
dependencies = [
    { name = "allure-python-commons" },
]
sdist = { url = "https://files.pythonhosted.org/packages/1c/68/c9f4ad892131bdeac9b092cf1c2fa18277e0dc4cf17636b16c198d37679d/allure_robotframework-2.15.3.tar.gz", hash = "sha256:a9c17e3ef2c46d3025c2e3579a87d7a03664561e2305ee03808682900f5e374d", size = 13095, upload-time = "2025-12-30T05:22:02.29Z" }
wheels = [
    { url = "https://files.pythonhosted.org/packages/65/67/b9b1a184b088c15b33886b80549ac0e7e7555c6a339b40c6c33b2b3a9ba7/allure_robotframework-2.15.3-py3-none-any.whl", hash = "sha256:5d828d8ee9cf684f407310a504717accacfd715babcdff794d61995e68138e7c", size = 9333, upload-time = "2025-12-30T05:22:01.172Z" },
]

[[package]]
name = "attrs"
version = "25.4.0"
source = { registry = "https://pypi.org/simple" }
sdist = { url = "https://files.pythonhosted.org/packages/6b/5c/685e6633917e101e5dcb62b9dd76946cbb57c26e133bae9e0cd36033c0a9/attrs-25.4.0.tar.gz", hash = "sha256:16d5969b87f0859ef33a48b35d55ac1be6e42ae49d5e853b597db70c35c57e11", size = 934251, upload-time = "2025-10-06T13:54:44.725Z" }
wheels = [
    { url = "https://files.pythonhosted.org/packages/3a/2a/7cc015f5b9f5db42b7d48157e23356022889fc354a2813c15934b7cb5c0e/attrs-25.4.0-py3-none-any.whl", hash = "sha256:adcf7e2a1fb3b36ac48d97835bb6d8ade15b8dcce26aba8bf1d14847b57a3373", size = 67615, upload-time = "2025-10-06T13:54:43.17Z" },
]

[[package]]
name = "pluggy"
version = "1.6.0"
source = { registry = "https://pypi.org/simple" }
sdist = { url = "https://files.pythonhosted.org/packages/f9/e2/3e91f31a7d2b083fe6ef3fa267035b518369d9511ffab804f839851d2779/pluggy-1.6.0.tar.gz", hash = "sha256:7dcc130b76258d33b90f61b658791dede3486c3e6bfb003ee5c9bfb396dd22f3", size = 69412, upload-time = "2025-05-15T12:30:07.975Z" }
wheels = [
    { url = "https://files.pythonhosted.org/packages/54/20/4d324d65cc6d9205fabedc306948156824eb9f0ee1633355a8f7ec5c66bf/pluggy-1.6.0-py3-none-any.whl", hash = "sha256:e920276dd6813095e9377c0bc5566d94c932c33b27a3e3945d8389c374dd4746", size = 20538, upload-time = "2025-05-15T12:30:06.134Z" },
]

[[package]]
name = "robotframework"
version = "7.4.1"
source = { registry = "https://pypi.org/simple" }
sdist = { url = "https://files.pythonhosted.org/packages/93/0e/08078c015d564d6a587e10e0b285620781c1a91b27230ec5b582994e421b/robotframework-7.4.1.tar.gz", hash = "sha256:d645487248a86db1e1a865ce792502792edf5342873f4e4f35d333219cd246c5", size = 653746, upload-time = "2025-12-23T17:08:02.497Z" }
wheels = [
    { url = "https://files.pythonhosted.org/packages/f3/f9/a5f59b75c92be85b18b9dc8a7fd20c52ace79b53e358f9a8402c8721ad7e/robotframework-7.4.1-py3-none-any.whl", hash = "sha256:3f75cae8a24797f1953efdb51399569767d742bb31f549ee9856db5545062728", size = 806871, upload-time = "2025-12-23T17:07:57.579Z" },
]

[[package]]
name = "test-automation-examples-allure"
version = "0.1.0"
source = { virtual = "." }
dependencies = [
    { name = "allure-robotframework" },
    { name = "robotframework" },
]

[package.metadata]
requires-dist = [
    { name = "allure-robotframework", specifier = ">=2.15.3" },
    { name = "robotframework", specifier = ">=7.4.1" },
]
